{
  "name": "@alleyinteractive/wp-asset-manager",
  "version": "1.4.0",
  "lockfileVersion": 3,
  "requires": true,
  "packages": {
    "": {
      "name": "@alleyinteractive/wp-asset-manager",
      "version": "1.4.0",
      "license": "GPL-2.0+",
      "engines": {
        "node": "22",
        "npm": "10"
      }
    }
  }
}
